{
  "version": 4,
  "terraform_version": "1.14.4",
  "serial": 1,
  "lineage": "210994b7-8319-1179-fa90-d30163ddf7b3",
  "outputs": {
    "cluster_name": {
      "value": "devops-platform-dev",
      "type": "string"
    }
  },
  "resources": [
    {
      "mode": "managed",
      "type": "local_file",
      "name": "cluster_name",
      "provider": "provider[\"registry.terraform.io/hashicorp/local\"]",
      "instances": [
        {
          "schema_version": 0,
          "attributes": {
            "content": "devops-platform-dev",
            "content_base64": null,
            "content_base64sha256": "3t+T+E+cZb/zppDY4QQMrpvpf45BIVpIJ7lzd0dofvM=",
            "content_base64sha512": "evQRIHs/NUmMntp1XeruZg8jjAfu8czscXbO3ZJiIGSVTi7jwtrlt1v8uYUrsHb0/738jhOk92A8PK7uyiSJHQ==",
            "content_md5": "e4441240a957ef657423b19f60070cee",
            "content_sha1": "965e00ecae88c941ea1f066dfcaa38a01190e537",
            "content_sha256": "dedf93f84f9c65bff3a690d8e1040cae9be97f8e41215a4827b9737747687ef3",
            "content_sha512": "7af411207b3f35498c9eda755deaee660f238c07eef1ccec7176cedd92622064954e2ee3c2dae5b75bfcb9852bb076f4ffbdfc8e13a4f7603c3caeeeca24891d",
            "directory_permission": "0777",
            "file_permission": "0777",
            "filename": "dev_cluster_name.txt",
            "id": "965e00ecae88c941ea1f066dfcaa38a01190e537",
            "sensitive_content": null,
            "source": null
          },
          "sensitive_attributes": [
            [
              {
                "type": "get_attr",
                "value": "sensitive_content"
              }
            ]
          ],
          "identity_schema_version": 0
        }
      ]
    }
  ],
  "check_results": null
}
